// !$*UTF8*$!
{
	archiveVersion = 1;
	classes = {
	};
	objectVersion = 55;
	objects = {

/* Begin PBXBuildFile section */
		8235F64C29BBDA7600113259 /* ManagedNota+CoreDataClass.swift in Sources */ = {isa = PBXBuildFile; fileRef = 8235F64A29BBDA7600113259 /* ManagedNota+CoreDataClass.swift */; };
		8235F64D29BBDA7600113259 /* ManagedNota+CoreDataProperties.swift in Sources */ = {isa = PBXBuildFile; fileRef = 8235F64B29BBDA7600113259 /* ManagedNota+CoreDataProperties.swift */; };
		82AFD2FB29BA59FE00DFF7EE /* AppDelegate.swift in Sources */ = {isa = PBXBuildFile; fileRef = 82AFD2FA29BA59FE00DFF7EE /* AppDelegate.swift */; };
		82AFD2FD29BA59FE00DFF7EE /* SceneDelegate.swift in Sources */ = {isa = PBXBuildFile; fileRef = 82AFD2FC29BA59FE00DFF7EE /* SceneDelegate.swift */; };
		82AFD30229BA59FE00DFF7EE /* Main.storyboard in Resources */ = {isa = PBXBuildFile; fileRef = 82AFD30029BA59FE00DFF7EE /* Main.storyboard */; };
		82AFD30529BA59FE00DFF7EE /* NotasSwift.xcdatamodeld in Sources */ = {isa = PBXBuildFile; fileRef = 82AFD30329BA59FE00DFF7EE /* NotasSwift.xcdatamodeld */; };
		82AFD30729BA5A0000DFF7EE /* Assets.xcassets in Resources */ = {isa = PBXBuildFile; fileRef = 82AFD30629BA5A0000DFF7EE /* Assets.xcassets */; };
		82AFD30A29BA5A0000DFF7EE /* LaunchScreen.storyboard in Resources */ = {isa = PBXBuildFile; fileRef = 82AFD30829BA5A0000DFF7EE /* LaunchScreen.storyboard */; };
		82AFD31229BA5B9800DFF7EE /* NotasViewController.swift in Sources */ = {isa = PBXBuildFile; fileRef = 82AFD31129BA5B9800DFF7EE /* NotasViewController.swift */; };
		82AFD31429BA5C4700DFF7EE /* RegisterNotaViewController.swift in Sources */ = {isa = PBXBuildFile; fileRef = 82AFD31329BA5C4700DFF7EE /* RegisterNotaViewController.swift */; };
		82AFD31629BA635300DFF7EE /* NotaCollectionViewCell.swift in Sources */ = {isa = PBXBuildFile; fileRef = 82AFD31529BA635300DFF7EE /* NotaCollectionViewCell.swift */; };
		90C18725D3E138E27E63DAF1 /* Pods_NotasSwift.framework in Frameworks */ = {isa = PBXBuildFile; fileRef = 56A1B7DDA8C351CCB802FF1C /* Pods_NotasSwift.framework */; };
/* End PBXBuildFile section */

/* Begin PBXFileReference section */
		56A1B7DDA8C351CCB802FF1C /* Pods_NotasSwift.framework */ = {isa = PBXFileReference; explicitFileType = wrapper.framework; includeInIndex = 0; path = Pods_NotasSwift.framework; sourceTree = BUILT_PRODUCTS_DIR; };
		8235F64A29BBDA7600113259 /* ManagedNota+CoreDataClass.swift */ = {isa = PBXFileReference; lastKnownFileType = sourcecode.swift; path = "ManagedNota+CoreDataClass.swift"; sourceTree = "<group>"; };
		8235F64B29BBDA7600113259 /* ManagedNota+CoreDataProperties.swift */ = {isa = PBXFileReference; lastKnownFileType = sourcecode.swift; path = "ManagedNota+CoreDataProperties.swift"; sourceTree = "<group>"; };
		82AFD2F729BA59FE00DFF7EE /* NotasSwift.app */ = {isa = PBXFileReference; explicitFileType = wrapper.application; includeInIndex = 0; path = NotasSwift.app; sourceTree = BUILT_PRODUCTS_DIR; };
		82AFD2FA29BA59FE00DFF7EE /* AppDelegate.swift */ = {isa = PBXFileReference; lastKnownFileType = sourcecode.swift; path = AppDelegate.swift; sourceTree = "<group>"; };
		82AFD2FC29BA59FE00DFF7EE /* SceneDelegate.swift */ = {isa = PBXFileReference; lastKnownFileType = sourcecode.swift; path = SceneDelegate.swift; sourceTree = "<group>"; };
		82AFD30129BA59FE00DFF7EE /* Base */ = {isa = PBXFileReference; lastKnownFileType = file.storyboard; name = Base; path = Base.lproj/Main.storyboard; sourceTree = "<group>"; };
		82AFD30429BA59FE00DFF7EE /* NotasSwift.xcdatamodel */ = {isa = PBXFileReference; lastKnownFileType = wrapper.xcdatamodel; path = NotasSwift.xcdatamodel; sourceTree = "<group>"; };
		82AFD30629BA5A0000DFF7EE /* Assets.xcassets */ = {isa = PBXFileReference; lastKnownFileType = folder.assetcatalog; path = Assets.xcassets; sourceTree = "<group>"; };
		82AFD30929BA5A0000DFF7EE /* Base */ = {isa = PBXFileReference; lastKnownFileType = file.storyboard; name = Base; path = Base.lproj/LaunchScreen.storyboard; sourceTree = "<group>"; };
		82AFD30B29BA5A0000DFF7EE /* Info.plist */ = {isa = PBXFileReference; lastKnownFileType = text.plist.xml; path = Info.plist; sourceTree = "<group>"; };
		82AFD31129BA5B9800DFF7EE /* NotasViewController.swift */ = {isa = PBXFileReference; lastKnownFileType = sourcecode.swift; path = NotasViewController.swift; sourceTree = "<group>"; };
		82AFD31329BA5C4700DFF7EE /* RegisterNotaViewController.swift */ = {isa = PBXFileReference; lastKnownFileType = sourcecode.swift; path = RegisterNotaViewController.swift; sourceTree = "<group>"; };
		82AFD31529BA635300DFF7EE /* NotaCollectionViewCell.swift */ = {isa = PBXFileReference; lastKnownFileType = sourcecode.swift; path = NotaCollectionViewCell.swift; sourceTree = "<group>"; };
		BE8F8A0F69C575EDF8E468F9 /* Pods-NotasSwift.release.xcconfig */ = {isa = PBXFileReference; includeInIndex = 1; lastKnownFileType = text.xcconfig; name = "Pods-NotasSwift.release.xcconfig"; path = "Target Support Files/Pods-NotasSwift/Pods-NotasSwift.release.xcconfig"; sourceTree = "<group>"; };
		EDFC6DC7158681461560AF77 /* Pods-NotasSwift.debug.xcconfig */ = {isa = PBXFileReference; includeInIndex = 1; lastKnownFileType = text.xcconfig; name = "Pods-NotasSwift.debug.xcconfig"; path = "Target Support Files/Pods-NotasSwift/Pods-NotasSwift.debug.xcconfig"; sourceTree = "<group>"; };
/* End PBXFileReference section */

/* Begin PBXFrameworksBuildPhase section */
		82AFD2F429BA59FE00DFF7EE /* Frameworks */ = {
			isa = PBXFrameworksBuildPhase;
			buildActionMask = 2147483647;
			files = (
				90C18725D3E138E27E63DAF1 /* Pods_NotasSwift.framework in Frameworks */,
			);
			runOnlyForDeploymentPostprocessing = 0;
		};
/* End PBXFrameworksBuildPhase section */

/* Begin PBXGroup section */
		72A96F6374B4AC894B0DC27D /* Frameworks */ = {
			isa = PBXGroup;
			children = (
				56A1B7DDA8C351CCB802FF1C /* Pods_NotasSwift.framework */,
			);
			name = Frameworks;
			sourceTree = "<group>";
		};
		82AFD2EE29BA59FE00DFF7EE = {
			isa = PBXGroup;
			children = (
				82AFD2F929BA59FE00DFF7EE /* NotasSwift */,
				82AFD2F829BA59FE00DFF7EE /* Products */,
				9C54ABF68DAA0DA47599CA53 /* Pods */,
				72A96F6374B4AC894B0DC27D /* Frameworks */,
			);
			sourceTree = "<group>";
		};
		82AFD2F829BA59FE00DFF7EE /* Products */ = {
			isa = PBXGroup;
			children = (
				82AFD2F729BA59FE00DFF7EE /* NotasSwift.app */,
			);
			name = Products;
			sourceTree = "<group>";
		};
		82AFD2F929BA59FE00DFF7EE /* NotasSwift */ = {
			isa = PBXGroup;
			children = (
				82EBEA1929BE3795003F2731 /* SupportingFiles */,
				82EBEA1829BE3141003F2731 /* Controllers */,
				82EBEA1729BE3136003F2731 /* Providers */,
				82EBEA1629BE312B003F2731 /* Views */,
				82AFD2FA29BA59FE00DFF7EE /* AppDelegate.swift */,
				82AFD2FC29BA59FE00DFF7EE /* SceneDelegate.swift */,
				82AFD30629BA5A0000DFF7EE /* Assets.xcassets */,
			);
			path = NotasSwift;
			sourceTree = "<group>";
		};
		82EBEA1629BE312B003F2731 /* Views */ = {
			isa = PBXGroup;
			children = (
				82AFD30029BA59FE00DFF7EE /* Main.storyboard */,
				82AFD30829BA5A0000DFF7EE /* LaunchScreen.storyboard */,
			);
			path = Views;
			sourceTree = "<group>";
		};
		82EBEA1729BE3136003F2731 /* Providers */ = {
			isa = PBXGroup;
			children = (
				8235F64A29BBDA7600113259 /* ManagedNota+CoreDataClass.swift */,
				8235F64B29BBDA7600113259 /* ManagedNota+CoreDataProperties.swift */,
				82AFD30329BA59FE00DFF7EE /* NotasSwift.xcdatamodeld */,
			);
			path = Providers;
			sourceTree = "<group>";
		};
		82EBEA1829BE3141003F2731 /* Controllers */ = {
			isa = PBXGroup;
			children = (
				82AFD31129BA5B9800DFF7EE /* NotasViewController.swift */,
				82AFD31329BA5C4700DFF7EE /* RegisterNotaViewController.swift */,
				82AFD31529BA635300DFF7EE /* NotaCollectionViewCell.swift */,
			);
			path = Controllers;
			sourceTree = "<group>";
		};
		82EBEA1929BE3795003F2731 /* SupportingFiles */ = {
			isa = PBXGroup;
			children = (
				82AFD30B29BA5A0000DFF7EE /* Info.plist */,
			);
			path = SupportingFiles;
			sourceTree = "<group>";
		};
		9C54ABF68DAA0DA47599CA53 /* Pods */ = {
			isa = PBXGroup;
			children = (
				EDFC6DC7158681461560AF77 /* Pods-NotasSwift.debug.xcconfig */,
				BE8F8A0F69C575EDF8E468F9 /* Pods-NotasSwift.release.xcconfig */,
			);
			name = Pods;
			path = Pods;
			sourceTree = "<group>";
		};
/* End PBXGroup section */

/* Begin PBXNativeTarget section */
		82AFD2F629BA59FE00DFF7EE /* NotasSwift */ = {
			isa = PBXNativeTarget;
			buildConfigurationList = 82AFD30E29BA5A0000DFF7EE /* Build configuration list for PBXNativeTarget "NotasSwift" */;
			buildPhases = (
				1A365055FD170803BACC06CE /* [CP] Check Pods Manifest.lock */,
				82AFD2F329BA59FE00DFF7EE /* Sources */,
				82AFD2F429BA59FE00DFF7EE /* Frameworks */,
				82AFD2F529BA59FE00DFF7EE /* Resources */,
			);
			buildRules = (
			);
			dependencies = (
			);
			name = NotasSwift;
			productName = NotasSwift;
			productReference = 82AFD2F729BA59FE00DFF7EE /* NotasSwift.app */;
			productType = "com.apple.product-type.application";
		};
/* End PBXNativeTarget section */

/* Begin PBXProject section */
		82AFD2EF29BA59FE00DFF7EE /* Project object */ = {
			isa = PBXProject;
			attributes = {
				BuildIndependentTargetsInParallel = 1;
				LastSwiftUpdateCheck = 1420;
				LastUpgradeCheck = 1420;
				TargetAttributes = {
					82AFD2F629BA59FE00DFF7EE = {
						CreatedOnToolsVersion = 14.2;
					};
				};
			};
			buildConfigurationList = 82AFD2F229BA59FE00DFF7EE /* Build configuration list for PBXProject "NotasSwift" */;
			compatibilityVersion = "Xcode 13.0";
			developmentRegion = en;
			hasScannedForEncodings = 0;
			knownRegions = (
				en,
				Base,
			);
			mainGroup = 82AFD2EE29BA59FE00DFF7EE;
			productRefGroup = 82AFD2F829BA59FE00DFF7EE /* Products */;
			projectDirPath = "";
			projectRoot = "";
			targets = (
				82AFD2F629BA59FE00DFF7EE /* NotasSwift */,
			);
		};
/* End PBXProject section */

/* Begin PBXResourcesBuildPhase section */
		82AFD2F529BA59FE00DFF7EE /* Resources */ = {
			isa = PBXResourcesBuildPhase;
			buildActionMask = 2147483647;
			files = (
				82AFD30A29BA5A0000DFF7EE /* LaunchScreen.storyboard in Resources */,
				82AFD30729BA5A0000DFF7EE /* Assets.xcassets in Resources */,
				82AFD30229BA59FE00DFF7EE /* Main.storyboard in Resources */,
			);
			runOnlyForDeploymentPostprocessing = 0;
		};
/* End PBXResourcesBuildPhase section */

/* Begin PBXShellScriptBuildPhase section */
		1A365055FD170803BACC06CE /* [CP] Check Pods Manifest.lock */ = {
			isa = PBXShellScriptBuildPhase;
			buildActionMask = 2147483647;
			files = (
			);
			inputFileListPaths = (
			);
			inputPaths = (
				"${PODS_PODFILE_DIR_PATH}/Podfile.lock",
				"${PODS_ROOT}/Manifest.lock",
			);
			name = "[CP] Check Pods Manifest.lock";
			outputFileListPaths = (
			);
			outputPaths = (
				"$(DERIVED_FILE_DIR)/Pods-NotasSwift-checkManifestLockResult.txt",
			);
			runOnlyForDeploymentPostprocessing = 0;
			shellPath = /bin/sh;
			shellScript = "diff \"${PODS_PODFILE_DIR_PATH}/Podfile.lock\" \"${PODS_ROOT}/Manifest.lock\" > /dev/null\nif [ $? != 0 ] ; then\n    # print error to STDERR\n    echo \"error: The sandbox is not in sync with the Podfile.lock. Run 'pod install' or update your CocoaPods installation.\" >&2\n    exit 1\nfi\n# This output is used by Xcode 'outputs' to avoid re-running this script phase.\necho \"SUCCESS\" > \"${SCRIPT_OUTPUT_FILE_0}\"\n";
			showEnvVarsInLog = 0;
		};
/* End PBXShellScriptBuildPhase section */

/* Begin PBXSourcesBuildPhase section */
		82AFD2F329BA59FE00DFF7EE /* Sources */ = {
			isa = PBXSourcesBuildPhase;
			buildActionMask = 2147483647;
			files = (
				82AFD31229BA5B9800DFF7EE /* NotasViewController.swift in Sources */,
				82AFD30529BA59FE00DFF7EE /* NotasSwift.xcdatamodeld in Sources */,
				82AFD2FB29BA59FE00DFF7EE /* AppDelegate.swift in Sources */,
				82AFD31429BA5C4700DFF7EE /* RegisterNotaViewController.swift in Sources */,
				8235F64C29BBDA7600113259 /* ManagedNota+CoreDataClass.swift in Sources */,
				8235F64D29BBDA7600113259 /* ManagedNota+CoreDataProperties.swift in Sources */,
				82AFD31629BA635300DFF7EE /* NotaCollectionViewCell.swift in Sources */,
				82AFD2FD29BA59FE00DFF7EE /* SceneDelegate.swift in Sources */,
			);
			runOnlyForDeploymentPostprocessing = 0;
		};
/* End PBXSourcesBuildPhase section */

/* Begin PBXVariantGroup section */
		82AFD30029BA59FE00DFF7EE /* Main.storyboard */ = {
			isa = PBXVariantGroup;
			children = (
				82AFD30129BA59FE00DFF7EE /* Base */,
			);
			name = Main.storyboard;
			sourceTree = "<group>";
		};
		82AFD30829BA5A0000DFF7EE /* LaunchScreen.storyboard */ = {
			isa = PBXVariantGroup;
			children = (
				82AFD30929BA5A0000DFF7EE /* Base */,
			);
			name = LaunchScreen.storyboard;
			sourceTree = "<group>";
		};
/* End PBXVariantGroup section */

/* Begin XCBuildConfiguration section */
		82AFD30C29BA5A0000DFF7EE /* Debug */ = {
			isa = XCBuildConfiguration;
			buildSettings = {
				ALWAYS_SEARCH_USER_PATHS = NO;
				CLANG_ANALYZER_NONNULL = YES;
				CLANG_ANALYZER_NUMBER_OBJECT_CONVERSION = YES_AGGRESSIVE;
				CLANG_CXX_LANGUAGE_STANDARD = "gnu++20";
				CLANG_ENABLE_MODULES = YES;
				CLANG_ENABLE_OBJC_ARC = YES;
				CLANG_ENABLE_OBJC_WEAK = YES;
				CLANG_WARN_BLOCK_CAPTURE_AUTORELEASING = YES;
				CLANG_WARN_BOOL_CONVERSION = YES;
				CLANG_WARN_COMMA = YES;
				CLANG_WARN_CONSTANT_CONVERSION = YES;
				CLANG_WARN_DEPRECATED_OBJC_IMPLEMENTATIONS = YES;
				CLANG_WARN_DIRECT_OBJC_ISA_USAGE = YES_ERROR;
				CLANG_WARN_DOCUMENTATION_COMMENTS = YES;
				CLANG_WARN_EMPTY_BODY = YES;
				CLANG_WARN_ENUM_CONVERSION = YES;
				CLANG_WARN_INFINITE_RECURSION = YES;
				CLANG_WARN_INT_CONVERSION = YES;
				CLANG_WARN_NON_LITERAL_NULL_CONVERSION = YES;
				CLANG_WARN_OBJC_IMPLICIT_RETAIN_SELF = YES;
				CLANG_WARN_OBJC_LITERAL_CONVERSION = YES;
				CLANG_WARN_OBJC_ROOT_CLASS = YES_ERROR;
				CLANG_WARN_QUOTED_INCLUDE_IN_FRAMEWORK_HEADER = YES;
				CLANG_WARN_RANGE_LOOP_ANALYSIS = YES;
				CLANG_WARN_STRICT_PROTOTYPES = YES;
				CLANG_WARN_SUSPICIOUS_MOVE = YES;
				CLANG_WARN_UNGUARDED_AVAILABILITY = YES_AGGRESSIVE;
				CLANG_WARN_UNREACHABLE_CODE = YES;
				CLANG_WARN__DUPLICATE_METHOD_MATCH = YES;
				COPY_PHASE_STRIP = NO;
				DEBUG_INFORMATION_FORMAT = dwarf;
				ENABLE_STRICT_OBJC_MSGSEND = YES;
				ENABLE_TESTABILITY = YES;
				GCC_C_LANGUAGE_STANDARD = gnu11;
				GCC_DYNAMIC_NO_PIC = NO;
				GCC_NO_COMMON_BLOCKS = YES;
				GCC_OPTIMIZATION_LEVEL = 0;
				GCC_PREPROCESSOR_DEFINITIONS = (
					"DEBUG=1",
					"$(inherited)",
				);
				GCC_WARN_64_TO_32_BIT_CONVERSION = YES;
				GCC_WARN_ABOUT_RETURN_TYPE = YES_ERROR;
				GCC_WARN_UNDECLARED_SELECTOR = YES;
				GCC_WARN_UNINITIALIZED_AUTOS = YES_AGGRESSIVE;
				GCC_WARN_UNUSED_FUNCTION = YES;
				GCC_WARN_UNUSED_VARIABLE = YES;
				IPHONEOS_DEPLOYMENT_TARGET = 16.2;
				MTL_ENABLE_DEBUG_INFO = INCLUDE_SOURCE;
				MTL_FAST_MATH = YES;
				ONLY_ACTIVE_ARCH = YES;
				SDKROOT = iphoneos;
				SWIFT_ACTIVE_COMPILATION_CONDITIONS = DEBUG;
				SWIFT_OPTIMIZATION_LEVEL = "-Onone";
			};
			name = Debug;
		};
		82AFD30D29BA5A0000DFF7EE /* Release */ = {
			isa = XCBuildConfiguration;
			buildSettings = {
				ALWAYS_SEARCH_USER_PATHS = NO;
				CLANG_ANALYZER_NONNULL = YES;
				CLANG_ANALYZER_NUMBER_OBJECT_CONVERSION = YES_AGGRESSIVE;
				CLANG_CXX_LANGUAGE_STANDARD = "gnu++20";
				CLANG_ENABLE_MODULES = YES;
				CLANG_ENABLE_OBJC_ARC = YES;
				CLANG_ENABLE_OBJC_WEAK = YES;
				CLANG_WARN_BLOCK_CAPTURE_AUTORELEASING = YES;
				CLANG_WARN_BOOL_CONVERSION = YES;
				CLANG_WARN_COMMA = YES;
				CLANG_WARN_CONSTANT_CONVERSION = YES;
				CLANG_WARN_DEPRECATED_OBJC_IMPLEMENTATIONS = YES;
				CLANG_WARN_DIRECT_OBJC_ISA_USAGE = YES_ERROR;
				CLANG_WARN_DOCUMENTATION_COMMENTS = YES;
				CLANG_WARN_EMPTY_BODY = YES;
				CLANG_WARN_ENUM_CONVERSION = YES;
				CLANG_WARN_INFINITE_RECURSION = YES;
				CLANG_WARN_INT_CONVERSION = YES;
				CLANG_WARN_NON_LITERAL_NULL_CONVERSION = YES;
				CLANG_WARN_OBJC_IMPLICIT_RETAIN_SELF = YES;
				CLANG_WARN_OBJC_LITERAL_CONVERSION = YES;
				CLANG_WARN_OBJC_ROOT_CLASS = YES_ERROR;
				CLANG_WARN_QUOTED_INCLUDE_IN_FRAMEWORK_HEADER = YES;
				CLANG_WARN_RANGE_LOOP_ANALYSIS = YES;
				CLANG_WARN_STRICT_PROTOTYPES = YES;
				CLANG_WARN_SUSPICIOUS_MOVE = YES;
				CLANG_WARN_UNGUARDED_AVAILABILITY = YES_AGGRESSIVE;
				CLANG_WARN_UNREACHABLE_CODE = YES;
				CLANG_WARN__DUPLICATE_METHOD_MATCH = YES;
				COPY_PHASE_STRIP = NO;
				DEBUG_INFORMATION_FORMAT = "dwarf-with-dsym";
				ENABLE_NS_ASSERTIONS = NO;
				ENABLE_STRICT_OBJC_MSGSEND = YES;
				GCC_C_LANGUAGE_STANDARD = gnu11;
				GCC_NO_COMMON_BLOCKS = YES;
				GCC_WARN_64_TO_32_BIT_CONVERSION = YES;
				GCC_WARN_ABOUT_RETURN_TYPE = YES_ERROR;
				GCC_WARN_UNDECLARED_SELECTOR = YES;
				GCC_WARN_UNINITIALIZED_AUTOS = YES_AGGRESSIVE;
				GCC_WARN_UNUSED_FUNCTION = YES;
				GCC_WARN_UNUSED_VARIABLE = YES;
				IPHONEOS_DEPLOYMENT_TARGET = 16.2;
				MTL_ENABLE_DEBUG_INFO = NO;
				MTL_FAST_MATH = YES;
				SDKROOT = iphoneos;
				SWIFT_COMPILATION_MODE = wholemodule;
				SWIFT_OPTIMIZATION_LEVEL = "-O";
				VALIDATE_PRODUCT = YES;
			};
			name = Release;
		};
		82AFD30F29BA5A0000DFF7EE /* Debug */ = {
			isa = XCBuildConfiguration;
			baseConfigurationReference = EDFC6DC7158681461560AF77 /* Pods-NotasSwift.debug.xcconfig */;
			buildSettings = {
				ASSETCATALOG_COMPILER_APPICON_NAME = AppIcon;
				ASSETCATALOG_COMPILER_GLOBAL_ACCENT_COLOR_NAME = AccentColor;
				CODE_SIGN_STYLE = Automatic;
				CURRENT_PROJECT_VERSION = 1;
				GENERATE_INFOPLIST_FILE = YES;
				INFOPLIST_FILE = NotasSwift/SupportingFiles/Info.plist;
				INFOPLIST_KEY_UIApplicationSupportsIndirectInputEvents = YES;
				INFOPLIST_KEY_UILaunchStoryboardName = LaunchScreen;
				INFOPLIST_KEY_UIMainStoryboardFile = Main;
				INFOPLIST_KEY_UISupportedInterfaceOrientations_iPad = "UIInterfaceOrientationPortrait UIInterfaceOrientationPortraitUpsideDown UIInterfaceOrientationLandscapeLeft UIInterfaceOrientationLandscapeRight";
				INFOPLIST_KEY_UISupportedInterfaceOrientations_iPhone = "UIInterfaceOrientationPortrait UIInterfaceOrientationLandscapeLeft UIInterfaceOrientationLandscapeRight";
				LD_RUNPATH_SEARCH_PATHS = (
					"$(inherited)",
					"@executable_path/Frameworks",
				);
				MARKETING_VERSION = 1.0;
				PRODUCT_BUNDLE_IDENTIFIER = com.josedev.NotasSwift;
				PRODUCT_NAME = "$(TARGET_NAME)";
				SWIFT_EMIT_LOC_STRINGS = YES;
				SWIFT_VERSION = 5.0;
				TARGETED_DEVICE_FAMILY = "1,2";
			};
			name = Debug;
		};
		82AFD31029BA5A0000DFF7EE /* Release */ = {
			isa = XCBuildConfiguration;
			baseConfigurationReference = BE8F8A0F69C575EDF8E468F9 /* Pods-NotasSwift.release.xcconfig */;
			buildSettings = {
				ASSETCATALOG_COMPILER_APPICON_NAME = AppIcon;
				ASSETCATALOG_COMPILER_GLOBAL_ACCENT_COLOR_NAME = AccentColor;
				CODE_SIGN_STYLE = Automatic;
				CURRENT_PROJECT_VERSION = 1;
				GENERATE_INFOPLIST_FILE = YES;
				INFOPLIST_FILE = NotasSwift/SupportingFiles/Info.plist;
				"INFOPLIST_FILE[sdk=*]" = NotasSwift/Info.plist;
				INFOPLIST_KEY_UIApplicationSupportsIndirectInputEvents = YES;
				INFOPLIST_KEY_UILaunchStoryboardName = LaunchScreen;
				INFOPLIST_KEY_UIMainStoryboardFile = Main;
				INFOPLIST_KEY_UISupportedInterfaceOrientations_iPad = "UIInterfaceOrientationPortrait UIInterfaceOrientationPortraitUpsideDown UIInterfaceOrientationLandscapeLeft UIInterfaceOrientationLandscapeRight";
				INFOPLIST_KEY_UISupportedInterfaceOrientations_iPhone = "UIInterfaceOrientationPortrait UIInterfaceOrientationLandscapeLeft UIInterfaceOrientationLandscapeRight";
				LD_RUNPATH_SEARCH_PATHS = (
					"$(inherited)",
					"@executable_path/Frameworks",
				);
				MARKETING_VERSION = 1.0;
				PRODUCT_BUNDLE_IDENTIFIER = com.josedev.NotasSwift;
				PRODUCT_NAME = "$(TARGET_NAME)";
				SWIFT_EMIT_LOC_STRINGS = YES;
				SWIFT_VERSION = 5.0;
				TARGETED_DEVICE_FAMILY = "1,2";
			};
			name = Release;
		};
/* End XCBuildConfiguration section */

/* Begin XCConfigurationList section */
		82AFD2F229BA59FE00DFF7EE /* Build configuration list for PBXProject "NotasSwift" */ = {
			isa = XCConfigurationList;
			buildConfigurations = (
				82AFD30C29BA5A0000DFF7EE /* Debug */,
				82AFD30D29BA5A0000DFF7EE /* Release */,
			);
			defaultConfigurationIsVisible = 0;
			defaultConfigurationName = Release;
		};
		82AFD30E29BA5A0000DFF7EE /* Build configuration list for PBXNativeTarget "NotasSwift" */ = {
			isa = XCConfigurationList;
			buildConfigurations = (
				82AFD30F29BA5A0000DFF7EE /* Debug */,
				82AFD31029BA5A0000DFF7EE /* Release */,
			);
			defaultConfigurationIsVisible = 0;
			defaultConfigurationName = Release;
		};
/* End XCConfigurationList section */

/* Begin XCVersionGroup section */
		82AFD30329BA59FE00DFF7EE /* NotasSwift.xcdatamodeld */ = {
			isa = XCVersionGroup;
			children = (
				82AFD30429BA59FE00DFF7EE /* NotasSwift.xcdatamodel */,
			);
			currentVersion = 82AFD30429BA59FE00DFF7EE /* NotasSwift.xcdatamodel */;
			path = NotasSwift.xcdatamodeld;
			sourceTree = "<group>";
			versionGroupType = wrapper.xcdatamodel;
		};
/* End XCVersionGroup section */
	};
	rootObject = 82AFD2EF29BA59FE00DFF7EE /* Project object */;
}
